// !$*UTF8*$!
{
	archiveVersion = 1;
	classes = {
	};
	objectVersion = 46;
	objects = {

/* Begin PBXBuildFile section */
		EB4204E71C3B723B0034AC43 /* AppDelegate.swift in Sources */ = {isa = PBXBuildFile; fileRef = EB4204E61C3B723B0034AC43 /* AppDelegate.swift */; };
		EB4204E91C3B723B0034AC43 /* GameScene.sks in Resources */ = {isa = PBXBuildFile; fileRef = EB4204E81C3B723B0034AC43 /* GameScene.sks */; };
		EB4204EB1C3B723B0034AC43 /* GameScene.swift in Sources */ = {isa = PBXBuildFile; fileRef = EB4204EA1C3B723B0034AC43 /* GameScene.swift */; };
		EB4204ED1C3B723B0034AC43 /* GameViewController.swift in Sources */ = {isa = PBXBuildFile; fileRef = EB4204EC1C3B723B0034AC43 /* GameViewController.swift */; };
		EB4204F01C3B723B0034AC43 /* Main.storyboard in Resources */ = {isa = PBXBuildFile; fileRef = EB4204EE1C3B723B0034AC43 /* Main.storyboard */; };
		EB4204F21C3B723B0034AC43 /* Assets.xcassets in Resources */ = {isa = PBXBuildFile; fileRef = EB4204F11C3B723B0034AC43 /* Assets.xcassets */; };
		EB4204F51C3B723B0034AC43 /* LaunchScreen.storyboard in Resources */ = {isa = PBXBuildFile; fileRef = EB4204F31C3B723B0034AC43 /* LaunchScreen.storyboard */; };
		EB4205011C3B73FE0034AC43 /* bg.png in Resources */ = {isa = PBXBuildFile; fileRef = EB4204FC1C3B73FE0034AC43 /* bg.png */; };
		EB4205021C3B73FE0034AC43 /* flappy1.png in Resources */ = {isa = PBXBuildFile; fileRef = EB4204FD1C3B73FE0034AC43 /* flappy1.png */; };
		EB4205031C3B73FE0034AC43 /* flappy2.png in Resources */ = {isa = PBXBuildFile; fileRef = EB4204FE1C3B73FE0034AC43 /* flappy2.png */; };
		EB4205041C3B73FE0034AC43 /* pipe1.png in Resources */ = {isa = PBXBuildFile; fileRef = EB4204FF1C3B73FE0034AC43 /* pipe1.png */; };
		EB4205051C3B73FE0034AC43 /* pipe2.png in Resources */ = {isa = PBXBuildFile; fileRef = EB4205001C3B73FE0034AC43 /* pipe2.png */; };
/* End PBXBuildFile section */

/* Begin PBXFileReference section */
		EB4204E31C3B723B0034AC43 /* Flappy Bird.app */ = {isa = PBXFileReference; explicitFileType = wrapper.application; includeInIndex = 0; path = "Flappy Bird.app"; sourceTree = BUILT_PRODUCTS_DIR; };
		EB4204E61C3B723B0034AC43 /* AppDelegate.swift */ = {isa = PBXFileReference; lastKnownFileType = sourcecode.swift; path = AppDelegate.swift; sourceTree = "<group>"; };
		EB4204E81C3B723B0034AC43 /* GameScene.sks */ = {isa = PBXFileReference; lastKnownFileType = file.sks; path = GameScene.sks; sourceTree = "<group>"; };
		EB4204EA1C3B723B0034AC43 /* GameScene.swift */ = {isa = PBXFileReference; lastKnownFileType = sourcecode.swift; path = GameScene.swift; sourceTree = "<group>"; };
		EB4204EC1C3B723B0034AC43 /* GameViewController.swift */ = {isa = PBXFileReference; lastKnownFileType = sourcecode.swift; path = GameViewController.swift; sourceTree = "<group>"; };
		EB4204EF1C3B723B0034AC43 /* Base */ = {isa = PBXFileReference; lastKnownFileType = file.storyboard; name = Base; path = Base.lproj/Main.storyboard; sourceTree = "<group>"; };
		EB4204F11C3B723B0034AC43 /* Assets.xcassets */ = {isa = PBXFileReference; lastKnownFileType = folder.assetcatalog; path = Assets.xcassets; sourceTree = "<group>"; };
		EB4204F41C3B723B0034AC43 /* Base */ = {isa = PBXFileReference; lastKnownFileType = file.storyboard; name = Base; path = Base.lproj/LaunchScreen.storyboard; sourceTree = "<group>"; };
		EB4204F61C3B723B0034AC43 /* Info.plist */ = {isa = PBXFileReference; lastKnownFileType = text.plist.xml; path = Info.plist; sourceTree = "<group>"; };
		EB4204FC1C3B73FE0034AC43 /* bg.png */ = {isa = PBXFileReference; lastKnownFileType = image.png; path = bg.png; sourceTree = "<group>"; };
		EB4204FD1C3B73FE0034AC43 /* flappy1.png */ = {isa = PBXFileReference; lastKnownFileType = image.png; path = flappy1.png; sourceTree = "<group>"; };
		EB4204FE1C3B73FE0034AC43 /* flappy2.png */ = {isa = PBXFileReference; lastKnownFileType = image.png; path = flappy2.png; sourceTree = "<group>"; };
		EB4204FF1C3B73FE0034AC43 /* pipe1.png */ = {isa = PBXFileReference; lastKnownFileType = image.png; path = pipe1.png; sourceTree = "<group>"; };
		EB4205001C3B73FE0034AC43 /* pipe2.png */ = {isa = PBXFileReference; lastKnownFileType = image.png; path = pipe2.png; sourceTree = "<group>"; };
/* End PBXFileReference section */

/* Begin PBXFrameworksBuildPhase section */
		EB4204E01C3B723B0034AC43 /* Frameworks */ = {
			isa = PBXFrameworksBuildPhase;
			buildActionMask = 2147483647;
			files = (
			);
			runOnlyForDeploymentPostprocessing = 0;
		};
/* End PBXFrameworksBuildPhase section */

/* Begin PBXGroup section */
		EB4204DA1C3B723B0034AC43 = {
			isa = PBXGroup;
			children = (
				EB4204E51C3B723B0034AC43 /* Flappy Bird */,
				EB4204E41C3B723B0034AC43 /* Products */,
			);
			sourceTree = "<group>";
		};
		EB4204E41C3B723B0034AC43 /* Products */ = {
			isa = PBXGroup;
			children = (
				EB4204E31C3B723B0034AC43 /* Flappy Bird.app */,
			);
			name = Products;
			sourceTree = "<group>";
		};
		EB4204E51C3B723B0034AC43 /* Flappy Bird */ = {
			isa = PBXGroup;
			children = (
				EB4204E61C3B723B0034AC43 /* AppDelegate.swift */,
				EB4204E81C3B723B0034AC43 /* GameScene.sks */,
				EB4204EA1C3B723B0034AC43 /* GameScene.swift */,
				EB4204FC1C3B73FE0034AC43 /* bg.png */,
				EB4204FD1C3B73FE0034AC43 /* flappy1.png */,
				EB4204FE1C3B73FE0034AC43 /* flappy2.png */,
				EB4204FF1C3B73FE0034AC43 /* pipe1.png */,
				EB4205001C3B73FE0034AC43 /* pipe2.png */,
				EB4204EC1C3B723B0034AC43 /* GameViewController.swift */,
				EB4204EE1C3B723B0034AC43 /* Main.storyboard */,
				EB4204F11C3B723B0034AC43 /* Assets.xcassets */,
				EB4204F31C3B723B0034AC43 /* LaunchScreen.storyboard */,
				EB4204F61C3B723B0034AC43 /* Info.plist */,
			);
			path = "Flappy Bird";
			sourceTree = "<group>";
		};
/* End PBXGroup section */

/* Begin PBXNativeTarget section */
		EB4204E21C3B723B0034AC43 /* Flappy Bird */ = {
			isa = PBXNativeTarget;
			buildConfigurationList = EB4204F91C3B723B0034AC43 /* Build configuration list for PBXNativeTarget "Flappy Bird" */;
			buildPhases = (
				EB4204DF1C3B723B0034AC43 /* Sources */,
				EB4204E01C3B723B0034AC43 /* Frameworks */,
				EB4204E11C3B723B0034AC43 /* Resources */,
			);
			buildRules = (
			);
			dependencies = (
			);
			name = "Flappy Bird";
			productName = "Flappy Bird";
			productReference = EB4204E31C3B723B0034AC43 /* Flappy Bird.app */;
			productType = "com.apple.product-type.application";
		};
/* End PBXNativeTarget section */

/* Begin PBXProject section */
		EB4204DB1C3B723B0034AC43 /* Project object */ = {
			isa = PBXProject;
			attributes = {
				LastSwiftUpdateCheck = 0720;
				LastUpgradeCheck = 0720;
				ORGANIZATIONNAME = "Mengying Feng";
				TargetAttributes = {
					EB4204E21C3B723B0034AC43 = {
						CreatedOnToolsVersion = 7.2;
					};
				};
			};
			buildConfigurationList = EB4204DE1C3B723B0034AC43 /* Build configuration list for PBXProject "Flappy Bird" */;
			compatibilityVersion = "Xcode 3.2";
			developmentRegion = English;
			hasScannedForEncodings = 0;
			knownRegions = (
				en,
				Base,
			);
			mainGroup = EB4204DA1C3B723B0034AC43;
			productRefGroup = EB4204E41C3B723B0034AC43 /* Products */;
			projectDirPath = "";
			projectRoot = "";
			targets = (
				EB4204E21C3B723B0034AC43 /* Flappy Bird */,
			);
		};
/* End PBXProject section */

/* Begin PBXResourcesBuildPhase section */
		EB4204E11C3B723B0034AC43 /* Resources */ = {
			isa = PBXResourcesBuildPhase;
			buildActionMask = 2147483647;
			files = (
				EB4205031C3B73FE0034AC43 /* flappy2.png in Resources */,
				EB4205011C3B73FE0034AC43 /* bg.png in Resources */,
				EB4204E91C3B723B0034AC43 /* GameScene.sks in Resources */,
				EB4205041C3B73FE0034AC43 /* pipe1.png in Resources */,
				EB4204F51C3B723B0034AC43 /* LaunchScreen.storyboard in Resources */,
				EB4205051C3B73FE0034AC43 /* pipe2.png in Resources */,
				EB4204F21C3B723B0034AC43 /* Assets.xcassets in Resources */,
				EB4204F01C3B723B0034AC43 /* Main.storyboard in Resources */,
				EB4205021C3B73FE0034AC43 /* flappy1.png in Resources */,
			);
			runOnlyForDeploymentPostprocessing = 0;
		};
/* End PBXResourcesBuildPhase section */

/* Begin PBXSourcesBuildPhase section */
		EB4204DF1C3B723B0034AC43 /* Sources */ = {
			isa = PBXSourcesBuildPhase;
			buildActionMask = 2147483647;
			files = (
				EB4204EB1C3B723B0034AC43 /* GameScene.swift in Sources */,
				EB4204ED1C3B723B0034AC43 /* GameViewController.swift in Sources */,
				EB4204E71C3B723B0034AC43 /* AppDelegate.swift in Sources */,
			);
			runOnlyForDeploymentPostprocessing = 0;
		};
/* End PBXSourcesBuildPhase section */

/* Begin PBXVariantGroup section */
		EB4204EE1C3B723B0034AC43 /* Main.storyboard */ = {
			isa = PBXVariantGroup;
			children = (
				EB4204EF1C3B723B0034AC43 /* Base */,
			);
			name = Main.storyboard;
			sourceTree = "<group>";
		};
		EB4204F31C3B723B0034AC43 /* LaunchScreen.storyboard */ = {
			isa = PBXVariantGroup;
			children = (
				EB4204F41C3B723B0034AC43 /* Base */,
			);
			name = LaunchScreen.storyboard;
			sourceTree = "<group>";
		};
/* End PBXVariantGroup section */

/* Begin XCBuildConfiguration section */
		EB4204F71C3B723B0034AC43 /* Debug */ = {
			isa = XCBuildConfiguration;
			buildSettings = {
				ALWAYS_SEARCH_USER_PATHS = NO;
				CLANG_CXX_LANGUAGE_STANDARD = "gnu++0x";
				CLANG_CXX_LIBRARY = "libc++";
				CLANG_ENABLE_MODULES = YES;
				CLANG_ENABLE_OBJC_ARC = YES;
				CLANG_WARN_BOOL_CONVERSION = YES;
				CLANG_WARN_CONSTANT_CONVERSION = YES;
				CLANG_WARN_DIRECT_OBJC_ISA_USAGE = YES_ERROR;
				CLANG_WARN_EMPTY_BODY = YES;
				CLANG_WARN_ENUM_CONVERSION = YES;
				CLANG_WARN_INT_CONVERSION = YES;
				CLANG_WARN_OBJC_ROOT_CLASS = YES_ERROR;
				CLANG_WARN_UNREACHABLE_CODE = YES;
				CLANG_WARN__DUPLICATE_METHOD_MATCH = YES;
				"CODE_SIGN_IDENTITY[sdk=iphoneos*]" = "iPhone Developer";
				COPY_PHASE_STRIP = NO;
				DEBUG_INFORMATION_FORMAT = "dwarf-with-dsym";
				ENABLE_STRICT_OBJC_MSGSEND = YES;
				ENABLE_TESTABILITY = YES;
				GCC_C_LANGUAGE_STANDARD = gnu99;
				GCC_DYNAMIC_NO_PIC = NO;
				GCC_NO_COMMON_BLOCKS = YES;
				GCC_OPTIMIZATION_LEVEL = 0;
				GCC_PREPROCESSOR_DEFINITIONS = (
					"DEBUG=1",
					"$(inherited)",
				);
				GCC_WARN_64_TO_32_BIT_CONVERSION = YES;
				GCC_WARN_ABOUT_RETURN_TYPE = YES_ERROR;
				GCC_WARN_UNDECLARED_SELECTOR = YES;
				GCC_WARN_UNINITIALIZED_AUTOS = YES_AGGRESSIVE;
				GCC_WARN_UNUSED_FUNCTION = YES;
				GCC_WARN_UNUSED_VARIABLE = YES;
				IPHONEOS_DEPLOYMENT_TARGET = 9.2;
				MTL_ENABLE_DEBUG_INFO = YES;
				ONLY_ACTIVE_ARCH = YES;
				SDKROOT = iphoneos;
				SWIFT_OPTIMIZATION_LEVEL = "-Onone";
			};
			name = Debug;
		};
		EB4204F81C3B723B0034AC43 /* Release */ = {
			isa = XCBuildConfiguration;
			buildSettings = {
				ALWAYS_SEARCH_USER_PATHS = NO;
				CLANG_CXX_LANGUAGE_STANDARD = "gnu++0x";
				CLANG_CXX_LIBRARY = "libc++";
				CLANG_ENABLE_MODULES = YES;
				CLANG_ENABLE_OBJC_ARC = YES;
				CLANG_WARN_BOOL_CONVERSION = YES;
				CLANG_WARN_CONSTANT_CONVERSION = YES;
				CLANG_WARN_DIRECT_OBJC_ISA_USAGE = YES_ERROR;
				CLANG_WARN_EMPTY_BODY = YES;
				CLANG_WARN_ENUM_CONVERSION = YES;
				CLANG_WARN_INT_CONVERSION = YES;
				CLANG_WARN_OBJC_ROOT_CLASS = YES_ERROR;
				CLANG_WARN_UNREACHABLE_CODE = YES;
				CLANG_WARN__DUPLICATE_METHOD_MATCH = YES;
				"CODE_SIGN_IDENTITY[sdk=iphoneos*]" = "iPhone Developer";
				COPY_PHASE_STRIP = NO;
				DEBUG_INFORMATION_FORMAT = "dwarf-with-dsym";
				ENABLE_NS_ASSERTIONS = NO;
				ENABLE_STRICT_OBJC_MSGSEND = YES;
				GCC_C_LANGUAGE_STANDARD = gnu99;
				GCC_NO_COMMON_BLOCKS = YES;
				GCC_WARN_64_TO_32_BIT_CONVERSION = YES;
				GCC_WARN_ABOUT_RETURN_TYPE = YES_ERROR;
				GCC_WARN_UNDECLARED_SELECTOR = YES;
				GCC_WARN_UNINITIALIZED_AUTOS = YES_AGGRESSIVE;
				GCC_WARN_UNUSED_FUNCTION = YES;
				GCC_WARN_UNUSED_VARIABLE = YES;
				IPHONEOS_DEPLOYMENT_TARGET = 9.2;
				MTL_ENABLE_DEBUG_INFO = NO;
				SDKROOT = iphoneos;
				VALIDATE_PRODUCT = YES;
			};
			name = Release;
		};
		EB4204FA1C3B723B0034AC43 /* Debug */ = {
			isa = XCBuildConfiguration;
			buildSettings = {
				ASSETCATALOG_COMPILER_APPICON_NAME = AppIcon;
				INFOPLIST_FILE = "Flappy Bird/Info.plist";
				LD_RUNPATH_SEARCH_PATHS = "$(inherited) @executable_path/Frameworks";
				PRODUCT_BUNDLE_IDENTIFIER = "com.emilyvon.Flappy-Bird";
				PRODUCT_NAME = "$(TARGET_NAME)";
			};
			name = Debug;
		};
		EB4204FB1C3B723B0034AC43 /* Release */ = {
			isa = XCBuildConfiguration;
			buildSettings = {
				ASSETCATALOG_COMPILER_APPICON_NAME = AppIcon;
				INFOPLIST_FILE = "Flappy Bird/Info.plist";
				LD_RUNPATH_SEARCH_PATHS = "$(inherited) @executable_path/Frameworks";
				PRODUCT_BUNDLE_IDENTIFIER = "com.emilyvon.Flappy-Bird";
				PRODUCT_NAME = "$(TARGET_NAME)";
			};
			name = Release;
		};
/* End XCBuildConfiguration section */

/* Begin XCConfigurationList section */
		EB4204DE1C3B723B0034AC43 /* Build configuration list for PBXProject "Flappy Bird" */ = {
			isa = XCConfigurationList;
			buildConfigurations = (
				EB4204F71C3B723B0034AC43 /* Debug */,
				EB4204F81C3B723B0034AC43 /* Release */,
			);
			defaultConfigurationIsVisible = 0;
			defaultConfigurationName = Release;
		};
		EB4204F91C3B723B0034AC43 /* Build configuration list for PBXNativeTarget "Flappy Bird" */ = {
			isa = XCConfigurationList;
			buildConfigurations = (
				EB4204FA1C3B723B0034AC43 /* Debug */,
				EB4204FB1C3B723B0034AC43 /* Release */,
			);
			defaultConfigurationIsVisible = 0;
		};
/* End XCConfigurationList section */
	};
	rootObject = EB4204DB1C3B723B0034AC43 /* Project object */;
}
